
Microsoft Visual Studio Solution File, Format Version 12.00
# Visual Studio 15
VisualStudioVersion = 15.0.33026.149
MinimumVisualStudioVersion = 10.0.40219.1
Project("{FAE04EC0-301F-11D3-BF4B-00C04F79EFBC}") = "Appointment", "Appointment\Appointment.csproj", "{BB153EA8-1B05-40C0-B53A-0C87152C0E9D}"
EndProject
Global
	GlobalSection(SolutionConfigurationPlatforms) = preSolution
		Debug|Any CPU = Debug|Any CPU
		Release|Any CPU = Release|Any CPU
	EndGlobalSection
	GlobalSection(ProjectConfigurationPlatforms) = postSolution
		{BB153EA8-1B05-40C0-B53A-0C87152C0E9D}.Debug|Any CPU.ActiveCfg = Debug|Any CPU
		{BB153EA8-1B05-40C0-B53A-0C87152C0E9D}.Debug|Any CPU.Build.0 = Debug|Any CPU
		{BB153EA8-1B05-40C0-B53A-0C87152C0E9D}.Release|Any CPU.ActiveCfg = Release|Any CPU
		{BB153EA8-1B05-40C0-B53A-0C87152C0E9D}.Release|Any CPU.Build.0 = Release|Any CPU
	EndGlobalSection
	GlobalSection(SolutionProperties) = preSolution
		HideSolutionNode = FALSE
	EndGlobalSection
	GlobalSection(ExtensibilityGlobals) = postSolution
		SolutionGuid = {A1AE0319-D8B6-4CA8-8E73-88124EC1D654}
	EndGlobalSection
EndGlobal
